// !$*UTF8*$!
{
	archiveVersion = 1;
	classes = {
	};
	objectVersion = 50;
	objects = {

/* Begin PBXBuildFile section */
		341ADE9A222D4471005697F0 /* AppDelegate.swift in Sources */ = {isa = PBXBuildFile; fileRef = 341ADE99222D4471005697F0 /* AppDelegate.swift */; };
		341ADE9C222D4471005697F0 /* ViewController.swift in Sources */ = {isa = PBXBuildFile; fileRef = 341ADE9B222D4471005697F0 /* ViewController.swift */; };
		341ADE9F222D4471005697F0 /* Main.storyboard in Resources */ = {isa = PBXBuildFile; fileRef = 341ADE9D222D4471005697F0 /* Main.storyboard */; };
		341ADEA1222D4473005697F0 /* Assets.xcassets in Resources */ = {isa = PBXBuildFile; fileRef = 341ADEA0222D4473005697F0 /* Assets.xcassets */; };
		341ADEA4222D4473005697F0 /* LaunchScreen.storyboard in Resources */ = {isa = PBXBuildFile; fileRef = 341ADEA2222D4473005697F0 /* LaunchScreen.storyboard */; };
		341ADEAF222D4473005697F0 /* testTests.swift in Sources */ = {isa = PBXBuildFile; fileRef = 341ADEAE222D4473005697F0 /* testTests.swift */; };
		341ADEBA222D4473005697F0 /* testUITests.swift in Sources */ = {isa = PBXBuildFile; fileRef = 341ADEB9222D4473005697F0 /* testUITests.swift */; };
/* End PBXBuildFile section */

/* Begin PBXContainerItemProxy section */
		341ADEAB222D4473005697F0 /* PBXContainerItemProxy */ = {
			isa = PBXContainerItemProxy;
			containerPortal = 341ADE8E222D4471005697F0 /* Project object */;
			proxyType = 1;
			remoteGlobalIDString = 341ADE95222D4471005697F0;
			remoteInfo = test;
		};
		341ADEB6222D4473005697F0 /* PBXContainerItemProxy */ = {
			isa = PBXContainerItemProxy;
			containerPortal = 341ADE8E222D4471005697F0 /* Project object */;
			proxyType = 1;
			remoteGlobalIDString = 341ADE95222D4471005697F0;
			remoteInfo = test;
		};
/* End PBXContainerItemProxy section */

/* Begin PBXFileReference section */
		341ADE96222D4471005697F0 /* test.app */ = {isa = PBXFileReference; explicitFileType = wrapper.application; includeInIndex = 0; path = test.app; sourceTree = BUILT_PRODUCTS_DIR; };
		341ADE99222D4471005697F0 /* AppDelegate.swift */ = {isa = PBXFileReference; lastKnownFileType = sourcecode.swift; path = AppDelegate.swift; sourceTree = "<group>"; };
		341ADE9B222D4471005697F0 /* ViewController.swift */ = {isa = PBXFileReference; lastKnownFileType = sourcecode.swift; path = ViewController.swift; sourceTree = "<group>"; };
		341ADE9E222D4471005697F0 /* Base */ = {isa = PBXFileReference; lastKnownFileType = file.storyboard; name = Base; path = Base.lproj/Main.storyboard; sourceTree = "<group>"; };
		341ADEA0222D4473005697F0 /* Assets.xcassets */ = {isa = PBXFileReference; lastKnownFileType = folder.assetcatalog; path = Assets.xcassets; sourceTree = "<group>"; };
		341ADEA3222D4473005697F0 /* Base */ = {isa = PBXFileReference; lastKnownFileType = file.storyboard; name = Base; path = Base.lproj/LaunchScreen.storyboard; sourceTree = "<group>"; };
		341ADEA5222D4473005697F0 /* Info.plist */ = {isa = PBXFileReference; lastKnownFileType = text.plist.xml; path = Info.plist; sourceTree = "<group>"; };
		341ADEAA222D4473005697F0 /* testTests.xctest */ = {isa = PBXFileReference; explicitFileType = wrapper.cfbundle; includeInIndex = 0; path = testTests.xctest; sourceTree = BUILT_PRODUCTS_DIR; };
		341ADEAE222D4473005697F0 /* testTests.swift */ = {isa = PBXFileReference; lastKnownFileType = sourcecode.swift; path = testTests.swift; sourceTree = "<group>"; };
		341ADEB0222D4473005697F0 /* Info.plist */ = {isa = PBXFileReference; lastKnownFileType = text.plist.xml; path = Info.plist; sourceTree = "<group>"; };
		341ADEB5222D4473005697F0 /* testUITests.xctest */ = {isa = PBXFileReference; explicitFileType = wrapper.cfbundle; includeInIndex = 0; path = testUITests.xctest; sourceTree = BUILT_PRODUCTS_DIR; };
		341ADEB9222D4473005697F0 /* testUITests.swift */ = {isa = PBXFileReference; lastKnownFileType = sourcecode.swift; path = testUITests.swift; sourceTree = "<group>"; };
		341ADEBB222D4473005697F0 /* Info.plist */ = {isa = PBXFileReference; lastKnownFileType = text.plist.xml; path = Info.plist; sourceTree = "<group>"; };
/* End PBXFileReference section */

/* Begin PBXFrameworksBuildPhase section */
		341ADE93222D4471005697F0 /* Frameworks */ = {
			isa = PBXFrameworksBuildPhase;
			buildActionMask = 2147483647;
			files = (
			);
			runOnlyForDeploymentPostprocessing = 0;
		};
		341ADEA7222D4473005697F0 /* Frameworks */ = {
			isa = PBXFrameworksBuildPhase;
			buildActionMask = 2147483647;
			files = (
			);
			runOnlyForDeploymentPostprocessing = 0;
		};
		341ADEB2222D4473005697F0 /* Frameworks */ = {
			isa = PBXFrameworksBuildPhase;
			buildActionMask = 2147483647;
			files = (
			);
			runOnlyForDeploymentPostprocessing = 0;
		};
/* End PBXFrameworksBuildPhase section */

/* Begin PBXGroup section */
		341ADE8D222D4471005697F0 = {
			isa = PBXGroup;
			children = (
				341ADE98222D4471005697F0 /* test */,
				341ADEAD222D4473005697F0 /* testTests */,
				341ADEB8222D4473005697F0 /* testUITests */,
				341ADE97222D4471005697F0 /* Products */,
			);
			sourceTree = "<group>";
		};
		341ADE97222D4471005697F0 /* Products */ = {
			isa = PBXGroup;
			children = (
				341ADE96222D4471005697F0 /* test.app */,
				341ADEAA222D4473005697F0 /* testTests.xctest */,
				341ADEB5222D4473005697F0 /* testUITests.xctest */,
			);
			name = Products;
			sourceTree = "<group>";
		};
		341ADE98222D4471005697F0 /* test */ = {
			isa = PBXGroup;
			children = (
				341ADE99222D4471005697F0 /* AppDelegate.swift */,
				341ADE9B222D4471005697F0 /* ViewController.swift */,
				341ADE9D222D4471005697F0 /* Main.storyboard */,
				341ADEA0222D4473005697F0 /* Assets.xcassets */,
				341ADEA2222D4473005697F0 /* LaunchScreen.storyboard */,
				341ADEA5222D4473005697F0 /* Info.plist */,
			);
			path = test;
			sourceTree = "<group>";
		};
		341ADEAD222D4473005697F0 /* testTests */ = {
			isa = PBXGroup;
			children = (
				341ADEAE222D4473005697F0 /* testTests.swift */,
				341ADEB0222D4473005697F0 /* Info.plist */,
			);
			path = testTests;
			sourceTree = "<group>";
		};
		341ADEB8222D4473005697F0 /* testUITests */ = {
			isa = PBXGroup;
			children = (
				341ADEB9222D4473005697F0 /* testUITests.swift */,
				341ADEBB222D4473005697F0 /* Info.plist */,
			);
			path = testUITests;
			sourceTree = "<group>";
		};
/* End PBXGroup section */

/* Begin PBXNativeTarget section */
		341ADE95222D4471005697F0 /* test */ = {
			isa = PBXNativeTarget;
			buildConfigurationList = 341ADEBE222D4473005697F0 /* Build configuration list for PBXNativeTarget "test" */;
			buildPhases = (
				341ADE92222D4471005697F0 /* Sources */,
				341ADE93222D4471005697F0 /* Frameworks */,
				341ADE94222D4471005697F0 /* Resources */,
			);
			buildRules = (
			);
			dependencies = (
			);
			name = test;
			productName = test;
			productReference = 341ADE96222D4471005697F0 /* test.app */;
			productType = "com.apple.product-type.application";
		};
		341ADEA9222D4473005697F0 /* testTests */ = {
			isa = PBXNativeTarget;
			buildConfigurationList = 341ADEC1222D4473005697F0 /* Build configuration list for PBXNativeTarget "testTests" */;
			buildPhases = (
				341ADEA6222D4473005697F0 /* Sources */,
				341ADEA7222D4473005697F0 /* Frameworks */,
				341ADEA8222D4473005697F0 /* Resources */,
			);
			buildRules = (
			);
			dependencies = (
				341ADEAC222D4473005697F0 /* PBXTargetDependency */,
			);
			name = testTests;
			productName = testTests;
			productReference = 341ADEAA222D4473005697F0 /* testTests.xctest */;
			productType = "com.apple.product-type.bundle.unit-test";
		};
		341ADEB4222D4473005697F0 /* testUITests */ = {
			isa = PBXNativeTarget;
			buildConfigurationList = 341ADEC4222D4473005697F0 /* Build configuration list for PBXNativeTarget "testUITests" */;
			buildPhases = (
				341ADEB1222D4473005697F0 /* Sources */,
				341ADEB2222D4473005697F0 /* Frameworks */,
				341ADEB3222D4473005697F0 /* Resources */,
			);
			buildRules = (
			);
			dependencies = (
				341ADEB7222D4473005697F0 /* PBXTargetDependency */,
			);
			name = testUITests;
			productName = testUITests;
			productReference = 341ADEB5222D4473005697F0 /* testUITests.xctest */;
			productType = "com.apple.product-type.bundle.ui-testing";
		};
/* End PBXNativeTarget section */

/* Begin PBXProject section */
		341ADE8E222D4471005697F0 /* Project object */ = {
			isa = PBXProject;
			attributes = {
				LastSwiftUpdateCheck = 1020;
				LastUpgradeCheck = 1020;
				ORGANIZATIONNAME = miragechung;
				TargetAttributes = {
					341ADE95222D4471005697F0 = {
						CreatedOnToolsVersion = 10.2;
					};
					341ADEA9222D4473005697F0 = {
						CreatedOnToolsVersion = 10.2;
						TestTargetID = 341ADE95222D4471005697F0;
					};
					341ADEB4222D4473005697F0 = {
						CreatedOnToolsVersion = 10.2;
						TestTargetID = 341ADE95222D4471005697F0;
					};
				};
			};
			buildConfigurationList = 341ADE91222D4471005697F0 /* Build configuration list for PBXProject "test" */;
			compatibilityVersion = "Xcode 9.3";
			developmentRegion = en;
			hasScannedForEncodings = 0;
			knownRegions = (
				en,
				Base,
			);
			mainGroup = 341ADE8D222D4471005697F0;
			productRefGroup = 341ADE97222D4471005697F0 /* Products */;
			projectDirPath = "";
			projectRoot = "";
			targets = (
				341ADE95222D4471005697F0 /* test */,
				341ADEA9222D4473005697F0 /* testTests */,
				341ADEB4222D4473005697F0 /* testUITests */,
			);
		};
/* End PBXProject section */

/* Begin PBXResourcesBuildPhase section */
		341ADE94222D4471005697F0 /* Resources */ = {
			isa = PBXResourcesBuildPhase;
			buildActionMask = 2147483647;
			files = (
				341ADEA4222D4473005697F0 /* LaunchScreen.storyboard in Resources */,
				341ADEA1222D4473005697F0 /* Assets.xcassets in Resources */,
				341ADE9F222D4471005697F0 /* Main.storyboard in Resources */,
			);
			runOnlyForDeploymentPostprocessing = 0;
		};
		341ADEA8222D4473005697F0 /* Resources */ = {
			isa = PBXResourcesBuildPhase;
			buildActionMask = 2147483647;
			files = (
			);
			runOnlyForDeploymentPostprocessing = 0;
		};
		341ADEB3222D4473005697F0 /* Resources */ = {
			isa = PBXResourcesBuildPhase;
			buildActionMask = 2147483647;
			files = (
			);
			runOnlyForDeploymentPostprocessing = 0;
		};
/* End PBXResourcesBuildPhase section */

/* Begin PBXSourcesBuildPhase section */
		341ADE92222D4471005697F0 /* Sources */ = {
			isa = PBXSourcesBuildPhase;
			buildActionMask = 2147483647;
			files = (
				341ADE9C222D4471005697F0 /* ViewController.swift in Sources */,
				341ADE9A222D4471005697F0 /* AppDelegate.swift in Sources */,
			);
			runOnlyForDeploymentPostprocessing = 0;
		};
		341ADEA6222D4473005697F0 /* Sources */ = {
			isa = PBXSourcesBuildPhase;
			buildActionMask = 2147483647;
			files = (
				341ADEAF222D4473005697F0 /* testTests.swift in Sources */,
			);
			runOnlyForDeploymentPostprocessing = 0;
		};
		341ADEB1222D4473005697F0 /* Sources */ = {
			isa = PBXSourcesBuildPhase;
			buildActionMask = 2147483647;
			files = (
				341ADEBA222D4473005697F0 /* testUITests.swift in Sources */,
			);
			runOnlyForDeploymentPostprocessing = 0;
		};
/* End PBXSourcesBuildPhase section */

/* Begin PBXTargetDependency section */
		341ADEAC222D4473005697F0 /* PBXTargetDependency */ = {
			isa = PBXTargetDependency;
			target = 341ADE95222D4471005697F0 /* test */;
			targetProxy = 341ADEAB222D4473005697F0 /* PBXContainerItemProxy */;
		};
		341ADEB7222D4473005697F0 /* PBXTargetDependency */ = {
			isa = PBXTargetDependency;
			target = 341ADE95222D4471005697F0 /* test */;
			targetProxy = 341ADEB6222D4473005697F0 /* PBXContainerItemProxy */;
		};
/* End PBXTargetDependency section */

/* Begin PBXVariantGroup section */
		341ADE9D222D4471005697F0 /* Main.storyboard */ = {
			isa = PBXVariantGroup;
			children = (
				341ADE9E222D4471005697F0 /* Base */,
			);
			name = Main.storyboard;
			sourceTree = "<group>";
		};
		341ADEA2222D4473005697F0 /* LaunchScreen.storyboard */ = {
			isa = PBXVariantGroup;
			children = (
				341ADEA3222D4473005697F0 /* Base */,
			);
			name = LaunchScreen.storyboard;
			sourceTree = "<group>";
		};
/* End PBXVariantGroup section */

/* Begin XCBuildConfiguration section */
		341ADEBC222D4473005697F0 /* Debug */ = {
			isa = XCBuildConfiguration;
			buildSettings = {
				ALWAYS_SEARCH_USER_PATHS = NO;
				CLANG_ANALYZER_NONNULL = YES;
				CLANG_ANALYZER_NUMBER_OBJECT_CONVERSION = YES_AGGRESSIVE;
				CLANG_CXX_LANGUAGE_STANDARD = "gnu++14";
				CLANG_CXX_LIBRARY = "libc++";
				CLANG_ENABLE_MODULES = YES;
				CLANG_ENABLE_OBJC_ARC = YES;
				CLANG_ENABLE_OBJC_WEAK = YES;
				CLANG_WARN_BLOCK_CAPTURE_AUTORELEASING = YES;
				CLANG_WARN_BOOL_CONVERSION = YES;
				CLANG_WARN_COMMA = YES;
				CLANG_WARN_CONSTANT_CONVERSION = YES;
				CLANG_WARN_DEPRECATED_OBJC_IMPLEMENTATIONS = YES;
				CLANG_WARN_DIRECT_OBJC_ISA_USAGE = YES_ERROR;
				CLANG_WARN_DOCUMENTATION_COMMENTS = YES;
				CLANG_WARN_EMPTY_BODY = YES;
				CLANG_WARN_ENUM_CONVERSION = YES;
				CLANG_WARN_INFINITE_RECURSION = YES;
				CLANG_WARN_INT_CONVERSION = YES;
				CLANG_WARN_NON_LITERAL_NULL_CONVERSION = YES;
				CLANG_WARN_OBJC_IMPLICIT_RETAIN_SELF = YES;
				CLANG_WARN_OBJC_LITERAL_CONVERSION = YES;
				CLANG_WARN_OBJC_ROOT_CLASS = YES_ERROR;
				CLANG_WARN_RANGE_LOOP_ANALYSIS = YES;
				CLANG_WARN_STRICT_PROTOTYPES = YES;
				CLANG_WARN_SUSPICIOUS_MOVE = YES;
				CLANG_WARN_UNGUARDED_AVAILABILITY = YES_AGGRESSIVE;
				CLANG_WARN_UNREACHABLE_CODE = YES;
				CLANG_WARN__DUPLICATE_METHOD_MATCH = YES;
				CODE_SIGN_IDENTITY = "iPhone Developer";
				COPY_PHASE_STRIP = NO;
				DEBUG_INFORMATION_FORMAT = dwarf;
				ENABLE_STRICT_OBJC_MSGSEND = YES;
				ENABLE_TESTABILITY = YES;
				GCC_C_LANGUAGE_STANDARD = gnu11;
				GCC_DYNAMIC_NO_PIC = NO;
				GCC_NO_COMMON_BLOCKS = YES;
				GCC_OPTIMIZATION_LEVEL = 0;
				GCC_PREPROCESSOR_DEFINITIONS = (
					"DEBUG=1",
					"$(inherited)",
				);
				GCC_WARN_64_TO_32_BIT_CONVERSION = YES;
				GCC_WARN_ABOUT_RETURN_TYPE = YES_ERROR;
				GCC_WARN_UNDECLARED_SELECTOR = YES;
				GCC_WARN_UNINITIALIZED_AUTOS = YES_AGGRESSIVE;
				GCC_WARN_UNUSED_FUNCTION = YES;
				GCC_WARN_UNUSED_VARIABLE = YES;
				IPHONEOS_DEPLOYMENT_TARGET = 12.2;
				MTL_ENABLE_DEBUG_INFO = INCLUDE_SOURCE;
				MTL_FAST_MATH = YES;
				ONLY_ACTIVE_ARCH = YES;
				SDKROOT = iphoneos;
				SWIFT_ACTIVE_COMPILATION_CONDITIONS = DEBUG;
				SWIFT_OPTIMIZATION_LEVEL = "-Onone";
			};
			name = Debug;
		};
		341ADEBD222D4473005697F0 /* Release */ = {
			isa = XCBuildConfiguration;
			buildSettings = {
				ALWAYS_SEARCH_USER_PATHS = NO;
				CLANG_ANALYZER_NONNULL = YES;
				CLANG_ANALYZER_NUMBER_OBJECT_CONVERSION = YES_AGGRESSIVE;
				CLANG_CXX_LANGUAGE_STANDARD = "gnu++14";
				CLANG_CXX_LIBRARY = "libc++";
				CLANG_ENABLE_MODULES = YES;
				CLANG_ENABLE_OBJC_ARC = YES;
				CLANG_ENABLE_OBJC_WEAK = YES;
				CLANG_WARN_BLOCK_CAPTURE_AUTORELEASING = YES;
				CLANG_WARN_BOOL_CONVERSION = YES;
				CLANG_WARN_COMMA = YES;
				CLANG_WARN_CONSTANT_CONVERSION = YES;
				CLANG_WARN_DEPRECATED_OBJC_IMPLEMENTATIONS = YES;
				CLANG_WARN_DIRECT_OBJC_ISA_USAGE = YES_ERROR;
				CLANG_WARN_DOCUMENTATION_COMMENTS = YES;
				CLANG_WARN_EMPTY_BODY = YES;
				CLANG_WARN_ENUM_CONVERSION = YES;
				CLANG_WARN_INFINITE_RECURSION = YES;
				CLANG_WARN_INT_CONVERSION = YES;
				CLANG_WARN_NON_LITERAL_NULL_CONVERSION = YES;
				CLANG_WARN_OBJC_IMPLICIT_RETAIN_SELF = YES;
				CLANG_WARN_OBJC_LITERAL_CONVERSION = YES;
				CLANG_WARN_OBJC_ROOT_CLASS = YES_ERROR;
				CLANG_WARN_RANGE_LOOP_ANALYSIS = YES;
				CLANG_WARN_STRICT_PROTOTYPES = YES;
				CLANG_WARN_SUSPICIOUS_MOVE = YES;
				CLANG_WARN_UNGUARDED_AVAILABILITY = YES_AGGRESSIVE;
				CLANG_WARN_UNREACHABLE_CODE = YES;
				CLANG_WARN__DUPLICATE_METHOD_MATCH = YES;
				CODE_SIGN_IDENTITY = "iPhone Developer";
				COPY_PHASE_STRIP = NO;
				DEBUG_INFORMATION_FORMAT = "dwarf-with-dsym";
				ENABLE_NS_ASSERTIONS = NO;
				ENABLE_STRICT_OBJC_MSGSEND = YES;
				GCC_C_LANGUAGE_STANDARD = gnu11;
				GCC_NO_COMMON_BLOCKS = YES;
				GCC_WARN_64_TO_32_BIT_CONVERSION = YES;
				GCC_WARN_ABOUT_RETURN_TYPE = YES_ERROR;
				GCC_WARN_UNDECLARED_SELECTOR = YES;
				GCC_WARN_UNINITIALIZED_AUTOS = YES_AGGRESSIVE;
				GCC_WARN_UNUSED_FUNCTION = YES;
				GCC_WARN_UNUSED_VARIABLE = YES;
				IPHONEOS_DEPLOYMENT_TARGET = 12.2;
				MTL_ENABLE_DEBUG_INFO = NO;
				MTL_FAST_MATH = YES;
				SDKROOT = iphoneos;
				SWIFT_COMPILATION_MODE = wholemodule;
				SWIFT_OPTIMIZATION_LEVEL = "-O";
				VALIDATE_PRODUCT = YES;
			};
			name = Release;
		};
		341ADEBF222D4473005697F0 /* Debug */ = {
			isa = XCBuildConfiguration;
			buildSettings = {
				ASSETCATALOG_COMPILER_APPICON_NAME = AppIcon;
				CODE_SIGN_STYLE = Automatic;
				INFOPLIST_FILE = test/Info.plist;
				LD_RUNPATH_SEARCH_PATHS = (
					"$(inherited)",
					"@executable_path/Frameworks",
				);
				PRODUCT_BUNDLE_IDENTIFIER = com.miragechung.test;
				PRODUCT_NAME = "$(TARGET_NAME)";
				SWIFT_VERSION = 5.0;
				TARGETED_DEVICE_FAMILY = "1,2";
			};
			name = Debug;
		};
		341ADEC0222D4473005697F0 /* Release */ = {
			isa = XCBuildConfiguration;
			buildSettings = {
				ASSETCATALOG_COMPILER_APPICON_NAME = AppIcon;
				CODE_SIGN_STYLE = Automatic;
				INFOPLIST_FILE = test/Info.plist;
				LD_RUNPATH_SEARCH_PATHS = (
					"$(inherited)",
					"@executable_path/Frameworks",
				);
				PRODUCT_BUNDLE_IDENTIFIER = com.miragechung.test;
				PRODUCT_NAME = "$(TARGET_NAME)";
				SWIFT_VERSION = 5.0;
				TARGETED_DEVICE_FAMILY = "1,2";
			};
			name = Release;
		};
		341ADEC2222D4473005697F0 /* Debug */ = {
			isa = XCBuildConfiguration;
			buildSettings = {
				ALWAYS_EMBED_SWIFT_STANDARD_LIBRARIES = YES;
				BUNDLE_LOADER = "$(TEST_HOST)";
				CODE_SIGN_STYLE = Automatic;
				INFOPLIST_FILE = testTests/Info.plist;
				LD_RUNPATH_SEARCH_PATHS = (
					"$(inherited)",
					"@executable_path/Frameworks",
					"@loader_path/Frameworks",
				);
				PRODUCT_BUNDLE_IDENTIFIER = com.miragechung.testTests;
				PRODUCT_NAME = "$(TARGET_NAME)";
				SWIFT_VERSION = 5.0;
				TARGETED_DEVICE_FAMILY = "1,2";
				TEST_HOST = "$(BUILT_PRODUCTS_DIR)/test.app/test";
			};
			name = Debug;
		};
		341ADEC3222D4473005697F0 /* Release */ = {
			isa = XCBuildConfiguration;
			buildSettings = {
				ALWAYS_EMBED_SWIFT_STANDARD_LIBRARIES = YES;
				BUNDLE_LOADER = "$(TEST_HOST)";
				CODE_SIGN_STYLE = Automatic;
				INFOPLIST_FILE = testTests/Info.plist;
				LD_RUNPATH_SEARCH_PATHS = (
					"$(inherited)",
					"@executable_path/Frameworks",
					"@loader_path/Frameworks",
				);
				PRODUCT_BUNDLE_IDENTIFIER = com.miragechung.testTests;
				PRODUCT_NAME = "$(TARGET_NAME)";
				SWIFT_VERSION = 5.0;
				TARGETED_DEVICE_FAMILY = "1,2";
				TEST_HOST = "$(BUILT_PRODUCTS_DIR)/test.app/test";
			};
			name = Release;
		};
		341ADEC5222D4473005697F0 /* Debug */ = {
			isa = XCBuildConfiguration;
			buildSettings = {
				ALWAYS_EMBED_SWIFT_STANDARD_LIBRARIES = YES;
				CODE_SIGN_STYLE = Automatic;
				INFOPLIST_FILE = testUITests/Info.plist;
				LD_RUNPATH_SEARCH_PATHS = (
					"$(inherited)",
					"@executable_path/Frameworks",
					"@loader_path/Frameworks",
				);
				PRODUCT_BUNDLE_IDENTIFIER = com.miragechung.testUITests;
				PRODUCT_NAME = "$(TARGET_NAME)";
				SWIFT_VERSION = 5.0;
				TARGETED_DEVICE_FAMILY = "1,2";
				TEST_TARGET_NAME = test;
			};
			name = Debug;
		};
		341ADEC6222D4473005697F0 /* Release */ = {
			isa = XCBuildConfiguration;
			buildSettings = {
				ALWAYS_EMBED_SWIFT_STANDARD_LIBRARIES = YES;
				CODE_SIGN_STYLE = Automatic;
				INFOPLIST_FILE = testUITests/Info.plist;
				LD_RUNPATH_SEARCH_PATHS = (
					"$(inherited)",
					"@executable_path/Frameworks",
					"@loader_path/Frameworks",
				);
				PRODUCT_BUNDLE_IDENTIFIER = com.miragechung.testUITests;
				PRODUCT_NAME = "$(TARGET_NAME)";
				SWIFT_VERSION = 5.0;
				TARGETED_DEVICE_FAMILY = "1,2";
				TEST_TARGET_NAME = test;
			};
			name = Release;
		};
/* End XCBuildConfiguration section */

/* Begin XCConfigurationList section */
		341ADE91222D4471005697F0 /* Build configuration list for PBXProject "test" */ = {
			isa = XCConfigurationList;
			buildConfigurations = (
				341ADEBC222D4473005697F0 /* Debug */,
				341ADEBD222D4473005697F0 /* Release */,
			);
			defaultConfigurationIsVisible = 0;
			defaultConfigurationName = Release;
		};
		341ADEBE222D4473005697F0 /* Build configuration list for PBXNativeTarget "test" */ = {
			isa = XCConfigurationList;
			buildConfigurations = (
				341ADEBF222D4473005697F0 /* Debug */,
				341ADEC0222D4473005697F0 /* Release */,
			);
			defaultConfigurationIsVisible = 0;
			defaultConfigurationName = Release;
		};
		341ADEC1222D4473005697F0 /* Build configuration list for PBXNativeTarget "testTests" */ = {
			isa = XCConfigurationList;
			buildConfigurations = (
				341ADEC2222D4473005697F0 /* Debug */,
				341ADEC3222D4473005697F0 /* Release */,
			);
			defaultConfigurationIsVisible = 0;
			defaultConfigurationName = Release;
		};
		341ADEC4222D4473005697F0 /* Build configuration list for PBXNativeTarget "testUITests" */ = {
			isa = XCConfigurationList;
			buildConfigurations = (
				341ADEC5222D4473005697F0 /* Debug */,
				341ADEC6222D4473005697F0 /* Release */,
			);
			defaultConfigurationIsVisible = 0;
			defaultConfigurationName = Release;
		};
/* End XCConfigurationList section */
	};
	rootObject = 341ADE8E222D4471005697F0 /* Project object */;
}
